
Microsoft Visual Studio Solution File, Format Version 12.00
# Visual Studio 2013
VisualStudioVersion = 12.0.40629.0
MinimumVisualStudioVersion = 10.0.40219.1
Project("{FAE04EC0-301F-11D3-BF4B-00C04F79EFBC}") = "TQSN.Services", "TQSN.Services\TQSN.Services.csproj", "{910C4F71-B135-48A5-9E6E-A7E131C77C6B}"
EndProject
Project("{FAE04EC0-301F-11D3-BF4B-00C04F79EFBC}") = "TQSN.Model", "TQSN.Model\TQSN.Model.csproj", "{88D91D1E-9299-4AB8-AA3A-91EF53EC7C46}"
EndProject
Project("{FAE04EC0-301F-11D3-BF4B-00C04F79EFBC}") = "TQSN.Data", "TQSN.Data\TQSN.Data.csproj", "{AF1F3C07-2FAD-4803-8510-8AC8887AEEFE}"
EndProject
Global
	GlobalSection(SolutionConfigurationPlatforms) = preSolution
		Debug|Any CPU = Debug|Any CPU
		Release|Any CPU = Release|Any CPU
	EndGlobalSection
	GlobalSection(ProjectConfigurationPlatforms) = postSolution
		{910C4F71-B135-48A5-9E6E-A7E131C77C6B}.Debug|Any CPU.ActiveCfg = Debug|Any CPU
		{910C4F71-B135-48A5-9E6E-A7E131C77C6B}.Debug|Any CPU.Build.0 = Debug|Any CPU
		{910C4F71-B135-48A5-9E6E-A7E131C77C6B}.Release|Any CPU.ActiveCfg = Release|Any CPU
		{910C4F71-B135-48A5-9E6E-A7E131C77C6B}.Release|Any CPU.Build.0 = Release|Any CPU
		{88D91D1E-9299-4AB8-AA3A-91EF53EC7C46}.Debug|Any CPU.ActiveCfg = Debug|Any CPU
		{88D91D1E-9299-4AB8-AA3A-91EF53EC7C46}.Debug|Any CPU.Build.0 = Debug|Any CPU
		{88D91D1E-9299-4AB8-AA3A-91EF53EC7C46}.Release|Any CPU.ActiveCfg = Release|Any CPU
		{88D91D1E-9299-4AB8-AA3A-91EF53EC7C46}.Release|Any CPU.Build.0 = Release|Any CPU
		{AF1F3C07-2FAD-4803-8510-8AC8887AEEFE}.Debug|Any CPU.ActiveCfg = Debug|Any CPU
		{AF1F3C07-2FAD-4803-8510-8AC8887AEEFE}.Debug|Any CPU.Build.0 = Debug|Any CPU
		{AF1F3C07-2FAD-4803-8510-8AC8887AEEFE}.Release|Any CPU.ActiveCfg = Release|Any CPU
		{AF1F3C07-2FAD-4803-8510-8AC8887AEEFE}.Release|Any CPU.Build.0 = Release|Any CPU
	EndGlobalSection
	GlobalSection(SolutionProperties) = preSolution
		HideSolutionNode = FALSE
	EndGlobalSection
EndGlobal
